<?xml version="1.0" encoding="utf-8"?>
<Project ToolsVersion="4.0" xmlns="http://schemas.microsoft.com/developer/msbuild/2003">
  <ItemGroup>
    <Filter Include="Headers">
      <UniqueIdentifier>{ca49810e-d583-4551-8709-1898e938dfb0}</UniqueIdentifier>
    </Filter>
    <Filter Include="Shaders">
      <UniqueIdentifier>{13a7b081-ef44-4d30-b7b2-3e2df88b24ba}</UniqueIdentifier>
    </Filter>
    <Filter Include="Headers\Entities">
      <UniqueIdentifier>{03868701-fcb6-4426-9c76-ccad46b1e8db}</UniqueIdentifier>
    </Filter>
    <Filter Include="Headers\Rendering">
      <UniqueIdentifier>{19560051-d993-4bb1-a6ef-66fe470b7316}</UniqueIdentifier>
    </Filter>
    <Filter Include="Headers\Utilities">
      <UniqueIdentifier>{cf11a89e-ec53-4293-af9b-dc358dcfeb89}</UniqueIdentifier>
    </Filter>
    <Filter Include="Shaders\PostProcessing">
      <UniqueIdentifier>{f0c1df1f-c8c2-4002-b377-08c606f826cc}</UniqueIdentifier>
    </Filter>
    <Filter Include="Shaders\IndividualShaders">
      <UniqueIdentifier>{7e03f0c8-f91f-401e-acc4-7610dc922084}</UniqueIdentifier>
    </Filter>
    <Filter Include="Headers\Engine">
      <UniqueIdentifier>{532c70ea-70df-4b09-aff3-b7a4bd774575}</UniqueIdentifier>
    </Filter>
    <Filter Include="Headers\Rendering\PostProcessingLayer">
      <UniqueIdentifier>{3c2d05d3-233b-4972-9533-193fd99a427f}</UniqueIdentifier>
    </Filter>
    <Filter Include="Headers\Physics">
      <UniqueIdentifier>{bc75905e-90ed-4302-9ab3-0ed9c7e628de}</UniqueIdentifier>
    </Filter>
    <Filter Include="Shaders\PostProcessing\Bloom">
      <UniqueIdentifier>{4d64d88c-125e-4554-bb1d-d2602a18fb5d}</UniqueIdentifier>
    </Filter>
    <Filter Include="Source Files">
      <UniqueIdentifier>{4FC737F1-C7A5-4376-A066-2A32D752A2FF}</UniqueIdentifier>
      <Extensions>cpp;c;cc;cxx;def;odl;idl;hpj;bat;asm;asmx</Extensions>
    </Filter>
    <Filter Include="Source Files\Entities">
      <UniqueIdentifier>{21393857-7b27-46cb-8a3a-603322db22ef}</UniqueIdentifier>
    </Filter>
    <Filter Include="Source Files\Rendering">
      <UniqueIdentifier>{5a6e0009-c4ee-441b-bafd-8b81a5874f25}</UniqueIdentifier>
    </Filter>
    <Filter Include="Source Files\Rendering\PostProcessing">
      <UniqueIdentifier>{054a74a6-a851-48e6-a84d-f451b44b46c7}</UniqueIdentifier>
    </Filter>
    <Filter Include="Source Files\Utilities">
      <UniqueIdentifier>{67ed7848-4d26-4587-b72d-6aa74e3e0cd8}</UniqueIdentifier>
    </Filter>
    <Filter Include="Source Files\Engine">
      <UniqueIdentifier>{4899ab9b-bea1-491b-a60e-6b883302fca1}</UniqueIdentifier>
    </Filter>
    <Filter Include="Source Files\Physics">
      <UniqueIdentifier>{ddbbf119-6b8f-4af6-8fe7-cbbbb072831d}</UniqueIdentifier>
    </Filter>
    <Filter Include="Shaders\PostProcessing\MotionBlur">
      <UniqueIdentifier>{43d996a6-0bfe-44ed-8f4b-6c53fc5994ac}</UniqueIdentifier>
    </Filter>
    <Filter Include="External Libraries">
      <UniqueIdentifier>{d7d64250-2803-4f82-8f0b-6de5a61f560e}</UniqueIdentifier>
    </Filter>
    <Filter Include="External Libraries\imgui">
      <UniqueIdentifier>{698a9d4a-66a5-4b13-8aaa-f74192961a8b}</UniqueIdentifier>
    </Filter>
    <Filter Include="Headers\UserInterface">
      <UniqueIdentifier>{69cc627d-dbef-439e-9f8c-49d043f67917}</UniqueIdentifier>
    </Filter>
    <Filter Include="Source Files\UserInterface">
      <UniqueIdentifier>{d1d7cb2f-20f8-468d-ad3e-ed45320ed1ab}</UniqueIdentifier>
    </Filter>
    <Filter Include="Headers\UserInterface\Widgets">
      <UniqueIdentifier>{78224631-4412-4e21-a895-b8dd947dd1ad}</UniqueIdentifier>
    </Filter>
    <Filter Include="Source Files\UserInterface\Widgets">
      <UniqueIdentifier>{ea31d433-419f-4d9d-a280-2deb22260e85}</UniqueIdentifier>
    </Filter>
  </ItemGroup>
  <ItemGroup>
    <ClCompile Include="Main.cpp">
      <Filter>Source Files</Filter>
    </ClCompile>
    <ClCompile Include="Core\DataStructures\Tree.cpp">
      <Filter>Source Files</Filter>
    </ClCompile>
    <ClCompile Include="Core\DataStructures\Array.cpp">
      <Filter>Source Files</Filter>
    </ClCompile>
    <ClCompile Include="Core\DataStructures\ByteBuffer.cpp">
      <Filter>Source Files</Filter>
    </ClCompile>
    <ClCompile Include="Core\DataTypes\TypeDefenitions.cpp">
      <Filter>Source Files</Filter>
    </ClCompile>
    <ClCompile Include="Core\Assets\Asset.cpp">
      <Filter>Source Files</Filter>
    </ClCompile>
    <ClCompile Include="Core\Assets\AssetManager.cpp">
      <Filter>Source Files</Filter>
    </ClCompile>
    <ClCompile Include="Core\Assets\Factories\MaterialAssetFactory.cpp">
      <Filter>Source Files</Filter>
    </ClCompile>
    <ClCompile Include="Core\Assets\Factories\StaticMeshAssetFactory.cpp">
      <Filter>Source Files</Filter>
    </ClCompile>
    <ClCompile Include="Core\Assets\Factories\Texture2DAssetFactory.cpp">
      <Filter>Source Files</Filter>
    </ClCompile>
    <ClCompile Include="Core\Utilities\Serialization\DeserializationStream.cpp">
      <Filter>Source Files</Filter>
    </ClCompile>
    <ClCompile Include="Core\Utilities\Serialization\SerializationStream.cpp">
      <Filter>Source Files</Filter>
    </ClCompile>
    <ClCompile Include="Core\Assets\AssetMetadata.cpp">
      <Filter>Source Files</Filter>
    </ClCompile>
    <ClCompile Include="Core\Input\InputSubsystem.cpp">
      <Filter>Source Files</Filter>
    </ClCompile>
    <ClCompile Include="Core\Pictorum\PictorumRenderer.cpp">
      <Filter>Source Files</Filter>
    </ClCompile>
    <ClCompile Include="Core\Pictorum\PictorumWidget.cpp">
      <Filter>Source Files</Filter>
    </ClCompile>
    <ClCompile Include="Core\Pictorum\Widgets\SolidWidget.cpp">
      <Filter>Source Files</Filter>
    </ClCompile>
    <ClCompile Include="Core\Utilities\StringUtilities.cpp">
      <Filter>Source Files</Filter>
    </ClCompile>
    <ClCompile Include="Core\Utilities\FileUtilities.cpp">
      <Filter>Source Files</Filter>
    </ClCompile>
    <ClCompile Include="Core\Pictorum\Widgets\TextWidget.cpp">
      <Filter>Source Files</Filter>
    </ClCompile>
    <ClCompile Include="Core\Utilities\Math\MathLibrary.cpp">
      <Filter>Source Files\Utilities</Filter>
    </ClCompile>
    <ClCompile Include="Core\Engine\Engine.cpp">
      <Filter>Source Files\Engine</Filter>
    </ClCompile>
    <ClCompile Include="Core\Physics\AxisAlignedBoundingBox.cpp">
      <Filter>Source Files\Physics</Filter>
    </ClCompile>
    <ClCompile Include="Core\Objects\CoreTypes\Material.cpp">
      <Filter>Source Files\Rendering</Filter>
    </ClCompile>
    <ClCompile Include="Core\Objects\CoreTypes\Shader.cpp">
      <Filter>Source Files\Rendering</Filter>
    </ClCompile>
    <ClCompile Include="Core\Objects\CoreTypes\StaticMesh.cpp">
      <Filter>Source Files\Entities</Filter>
    </ClCompile>
    <ClCompile Include="Core\Objects\CoreTypes\Texture2D.cpp">
      <Filter>Source Files\Rendering</Filter>
    </ClCompile>
    <ClCompile Include="Core\Objects\EngineObject.cpp">
      <Filter>Source Files</Filter>
    </ClCompile>
    <ClCompile Include="Core\Rendering\RenderViewport.cpp">
      <Filter>Source Files\Rendering</Filter>
    </ClCompile>
    <ClCompile Include="Core\Rendering\PostProcessing\BloomPostProcessing.cpp">
      <Filter>Source Files\Rendering\PostProcessing</Filter>
    </ClCompile>
    <ClCompile Include="Core\Rendering\PostProcessing\MotionBlurPostProcessing.cpp">
      <Filter>Source Files\Rendering\PostProcessing</Filter>
    </ClCompile>
    <ClCompile Include="Core\Rendering\PostProcessing\PostProcessingLayer.cpp">
      <Filter>Source Files\Rendering\PostProcessing</Filter>
    </ClCompile>
    <ClCompile Include="Core\Rendering\PostProcessing\SSAOPostProcessing.cpp">
      <Filter>Source Files\Rendering\PostProcessing</Filter>
    </ClCompile>
    <ClCompile Include="Core\Rendering\PostProcessing\ToneMapper.cpp">
      <Filter>Source Files\Rendering\PostProcessing</Filter>
    </ClCompile>
    <ClCompile Include="Core\Rendering\Utilities\Downsampler.cpp">
      <Filter>Source Files\Rendering\PostProcessing</Filter>
    </ClCompile>
    <ClCompile Include="Core\Rendering\Utilities\VariableGausianBlur.cpp">
      <Filter>Source Files\Rendering</Filter>
    </ClCompile>
    <ClCompile Include="Core\Rendering\DefferedCompositor.cpp">
      <Filter>Source Files\Rendering</Filter>
    </ClCompile>
    <ClCompile Include="Core\Rendering\GBuffer.cpp">
      <Filter>Source Files\Rendering</Filter>
    </ClCompile>
    <ClCompile Include="Core\Engine\EngineStatics.cpp">
      <Filter>Source Files\Engine</Filter>
    </ClCompile>
    <ClCompile Include="Core\Objects\CoreTypes\Scene.cpp">
      <Filter>Source Files\Entities</Filter>
    </ClCompile>
    <ClCompile Include="Core\Engine\World.cpp">
      <Filter>Source Files\Engine</Filter>
    </ClCompile>
    <ClCompile Include="Core\Objects\CoreTypes\RenderTarget.cpp">
      <Filter>Source Files\Rendering</Filter>
    </ClCompile>
    <ClCompile Include="Core\Objects\Entities\Actors\Grid.cpp">
      <Filter>Source Files\Entities</Filter>
    </ClCompile>
    <ClCompile Include="Core\Objects\Entities\Actors\HeadActor.cpp">
      <Filter>Source Files</Filter>
    </ClCompile>
    <ClCompile Include="Core\Objects\Entities\Actors\StaticMeshActor.cpp">
      <Filter>Source Files</Filter>
    </ClCompile>
    <ClCompile Include="Core\Objects\Entities\Actors\TransformGizmo.cpp">
      <Filter>Source Files</Filter>
    </ClCompile>
    <ClCompile Include="Core\Objects\Entities\Components\StaticMeshComponent.cpp">
      <Filter>Source Files</Filter>
    </ClCompile>
    <ClCompile Include="Core\Objects\Entities\Actor.cpp">
      <Filter>Source Files\Entities</Filter>
    </ClCompile>
    <ClCompile Include="Core\Objects\Entities\Camera.cpp">
      <Filter>Source Files\Entities</Filter>
    </ClCompile>
    <ClCompile Include="Core\Objects\Entities\Component.cpp">
      <Filter>Source Files</Filter>
    </ClCompile>
    <ClCompile Include="Core\Objects\Entities\Entity.cpp">
      <Filter>Source Files\Entities</Filter>
    </ClCompile>
    <ClCompile Include="Core\Objects\Entities\Light.cpp">
      <Filter>Source Files\Entities</Filter>
    </ClCompile>
    <ClCompile Include="Core\Utilities\Logger.cpp">
      <Filter>Source Files</Filter>
    </ClCompile>
    <ClCompile Include="Core\Utilities\Math\Transform.cpp">
      <Filter>Source Files\Utilities</Filter>
    </ClCompile>
    <ClCompile Include="Core\Utilities\EngineFunctionLibrary.cpp">
      <Filter>Source Files</Filter>
    </ClCompile>
    <ClCompile Include="Core\Utilities\stbi.cpp">
      <Filter>Source Files\Utilities</Filter>
    </ClCompile>
    <ClCompile Include="Core\Pictorum\Widgets\ImageWidget.cpp">
      <Filter>Source Files</Filter>
    </ClCompile>
    <ClCompile Include="Core\Engine\Window.cpp">
      <Filter>Source Files\Engine</Filter>
    </ClCompile>
    <ClCompile Include="Core\Engine\Windows\EditorWindow.cpp">
      <Filter>Source Files</Filter>
    </ClCompile>
    <ClCompile Include="Core\Engine\Windows\MainEditorWindow.cpp">
      <Filter>Source Files</Filter>
    </ClCompile>
    <ClCompile Include="Core\Pictorum\Widgets\OverlayWidget.cpp">
      <Filter>Source Files</Filter>
    </ClCompile>
    <ClCompile Include="Core\Rendering\OpenGL\GPUVertexBufferArray.cpp">
      <Filter>Source Files</Filter>
    </ClCompile>
    <ClCompile Include="Core\Rendering\OpenGL\GPUVertexBuffer.cpp">
      <Filter>Source Files</Filter>
    </ClCompile>
    <ClCompile Include="Core\Pictorum\Widgets\SeparatorWidget.cpp">
      <Filter>Source Files</Filter>
    </ClCompile>
    <ClCompile Include="Core\Objects\CoreTypes\DistanceFieldFont.cpp">
      <Filter>Source Files</Filter>
    </ClCompile>
    <ClCompile Include="Core\Assets\Factories\FontAssetFactory.cpp">
      <Filter>Source Files</Filter>
    </ClCompile>
    <ClCompile Include="Core\Pictorum\Containers\PictorumGrid.cpp">
      <Filter>Source Files</Filter>
    </ClCompile>
    <ClCompile Include="Core\Pictorum\Containers\PictorumCanvas.cpp">
      <Filter>Source Files</Filter>
    </ClCompile>
    <ClCompile Include="Core\Pictorum\Containers\PictorumScrollBox.cpp">
      <Filter>Source Files</Filter>
    </ClCompile>
    <ClCompile Include="Core\Pictorum\Containers\PictorumHorizontalBox.cpp">
      <Filter>Source Files</Filter>
    </ClCompile>
    <ClCompile Include="Core\Pictorum\Containers\PictorumVerticalBox.cpp">
      <Filter>Source Files</Filter>
    </ClCompile>
    <ClCompile Include="Core\Pictorum\Slots\ConstraintBoxSlot.cpp">
      <Filter>Source Files</Filter>
    </ClCompile>
    <ClCompile Include="Core\Pictorum\Slots\HorizontalBoxSlot.cpp">
      <Filter>Source Files</Filter>
    </ClCompile>
    <ClCompile Include="Core\Pictorum\Slots\PictorumCanvasSlot.cpp">
      <Filter>Source Files</Filter>
    </ClCompile>
    <ClCompile Include="Core\Pictorum\Slots\PictorumGridSlot.cpp">
      <Filter>Source Files</Filter>
    </ClCompile>
    <ClCompile Include="Core\Pictorum\Slots\VerticalBoxSlot.cpp">
      <Filter>Source Files</Filter>
    </ClCompile>
    <ClCompile Include="Core\Pictorum\IWidgetSlot.cpp">
      <Filter>Source Files</Filter>
    </ClCompile>
    <ClCompile Include="Core\Pictorum\Utilities\TextRenderer.cpp">
      <Filter>Source Files</Filter>
    </ClCompile>
    <ClCompile Include="Core\Pictorum\Utilities\PictorumShapeDrawer.cpp">
      <Filter>Source Files</Filter>
    </ClCompile>
    <ClCompile Include="Core\Objects\Entities\Components\BillboardComponent.cpp">
      <Filter>Source Files</Filter>
    </ClCompile>
    <ClCompile Include="Core\Pictorum\Containers\PictorumConstraintBox.cpp">
      <Filter>Source Files</Filter>
    </ClCompile>
    <ClCompile Include="Core\Reflection\Reflection.cpp">
      <Filter>Source Files</Filter>
    </ClCompile>
    <ClCompile Include="Core\Pictorum\PictorumDataTypes.cpp">
      <Filter>Source Files</Filter>
    </ClCompile>
    <ClCompile Include="Test\ReflectionTest.cpp">
      <Filter>Source Files</Filter>
    </ClCompile>
    <ClCompile Include="Core\Pictorum\Widgets\EditableTextWidget.cpp">
      <Filter>Source Files</Filter>
    </ClCompile>
    <ClCompile Include="Core\Pictorum\Widgets\CheckboxWidget.cpp">
      <Filter>Source Files</Filter>
    </ClCompile>
    <ClCompile Include="Editor\EditorModule.cpp">
      <Filter>Source Files</Filter>
    </ClCompile>
    <ClCompile Include="Editor\UserInterface\Inspector\EntityInspectorWidget.cpp">
      <Filter>Source Files</Filter>
    </ClCompile>
    <ClCompile Include="Editor\UserInterface\MainEditorViewport\MainViewportUserInterface.cpp">
      <Filter>Source Files</Filter>
    </ClCompile>
    <ClCompile Include="Editor\UserInterface\WorldOutliner\WorldOutlinerEntry.cpp">
      <Filter>Source Files</Filter>
    </ClCompile>
    <ClCompile Include="Editor\UserInterface\WorldOutliner\WorldOutlinerWidget.cpp">
      <Filter>Source Files</Filter>
    </ClCompile>
    <ClCompile Include="Editor\UserInterface\EngineWindowUserInterface.cpp">
      <Filter>Source Files</Filter>
    </ClCompile>
    <ClCompile Include="Editor\UserInterface\FrameStatisticsWidget.cpp">
      <Filter>Source Files</Filter>
    </ClCompile>
    <ClCompile Include="Editor\UserInterface\TitleBar.cpp">
      <Filter>Source Files</Filter>
    </ClCompile>
    <ClCompile Include="Editor\Subsystems\EntityInspector\InspectorPanelBuilder.cpp">
      <Filter>Source Files</Filter>
    </ClCompile>
    <ClCompile Include="Editor\Subsystems\EntityInspector\InspectorPanelManager.cpp">
      <Filter>Source Files</Filter>
    </ClCompile>
    <ClCompile Include="Editor\UserInterface\Inspector\TypeInspectors\VectorInspectorWidget.cpp">
      <Filter>Source Files</Filter>
    </ClCompile>
    <ClCompile Include="Editor\UserInterface\Inspector\TypeInspectors\FloatInspectorWidget.cpp">
      <Filter>Source Files</Filter>
    </ClCompile>
    <ClCompile Include="Editor\UserInterface\Inspector\BaseInspectorWidget.cpp">
      <Filter>Source Files</Filter>
    </ClCompile>
    <ClCompile Include="Editor\Subsystems\EntityInspector\Generators\DefaultInspectorPanelGenerator.cpp">
      <Filter>Source Files</Filter>
    </ClCompile>
    <ClCompile Include="Editor\UserInterface\CollapsingCategoryWidget.cpp">
      <Filter>Source Files</Filter>
    </ClCompile>
    <ClCompile Include="Editor\Subsystems\EntityInspector\Generators\ActorInspectorPanelGenerator.cpp">
      <Filter>Source Files</Filter>
    </ClCompile>
    <ClCompile Include="Core\DataStructures\HashMap.cpp">
      <Filter>Source Files</Filter>
    </ClCompile>
    <ClCompile Include="Core\Reflection\Handles\ReflectionHandle.cpp">
      <Filter>Source Files</Filter>
    </ClCompile>
    <ClCompile Include="Core\Reflection\Handles\PropertyHandle.cpp">
      <Filter>Source Files</Filter>
    </ClCompile>
    <ClCompile Include="Core\Reflection\Utilities\ReflectionHelpers.cpp">
      <Filter>Source Files</Filter>
    </ClCompile>
    <ClCompile Include="Editor\MultiLineTestWidget.cpp">
      <Filter>Source Files</Filter>
    </ClCompile>
    <ClCompile Include="Core\Pictorum\Utilities\TextLine.cpp">
      <Filter>Source Files</Filter>
    </ClCompile>
    <ClCompile Include="Core\Pictorum\Utilities\TextGeometryCache.cpp">
      <Filter>Source Files</Filter>
    </ClCompile>
    <ClCompile Include="Core\Pictorum\Utilities\TextWord.cpp">
      <Filter>Source Files</Filter>
    </ClCompile>
  </ItemGroup>
  <ItemGroup>
    <ClInclude Include="Core\DataStructures\ByteBuffer.h" />
    <ClInclude Include="Core\DataStructures\DataStructures.h" />
    <ClInclude Include="Core\DataStructures\Tree.h" />
    <ClInclude Include="Core\DataStructures\Array.h" />
    <ClInclude Include="Core\DataTypes\TypeDefenitions.h" />
    <ClInclude Include="Core\Assets\Asset.h" />
    <ClInclude Include="Core\Assets\AssetManager.h" />
    <ClInclude Include="Core\Assets\Factories\MaterialAssetFactory.h" />
    <ClInclude Include="Core\Assets\Factories\StaticMeshAssetFactory.h" />
    <ClInclude Include="Core\Assets\IAssetFactory.h" />
    <ClInclude Include="Core\Assets\ISerializeableAsset.h" />
    <ClInclude Include="Core\Utilities\DeserializationStream.h" />
    <ClInclude Include="Core\Utilities\SerializationStream.h" />
    <ClInclude Include="Core\Assets\Factories\Texture2DAssetFactory.h" />
    <ClInclude Include="Core\Utilities\Serialization\DeserializationStream.h" />
    <ClInclude Include="Core\Utilities\Serialization\SerializationStream.h" />
    <ClInclude Include="Core\Assets\AssetMetadata.h" />
    <ClInclude Include="Core\Input\IUserInputReciever.h" />
    <ClInclude Include="Core\Input\InputUtilities.h" />
    <ClInclude Include="Core\Input\InputSubsystem.h" />
    <ClInclude Include="Core\Pictorum\PictorumRenderer.h" />
    <ClInclude Include="Core\Pictorum\PictorumWidget.h" />
    <ClInclude Include="Core\Pictorum\Pictorum.h" />
    <ClInclude Include="Core\Pictorum\Widgets\SolidWidget.h" />
    <ClInclude Include="Core\Utilities\StringUtilities.h" />
    <ClInclude Include="Core\Utilities\FileUtilities.h" />
    <ClInclude Include="Core\Pictorum\Widgets\TextWidget.h" />
    <ClInclude Include="Core\Utilities\Math\MathLibrary.h">
      <Filter>Headers\Utilities</Filter>
    </ClInclude>
    <ClInclude Include="Core\Engine\Engine.h">
      <Filter>Headers\Engine</Filter>
    </ClInclude>
    <ClInclude Include="Core\Physics\AxisAlignedBoundingBox.h">
      <Filter>Headers\Physics</Filter>
    </ClInclude>
    <ClInclude Include="Core\Physics\CollisionChannels.h" />
    <ClInclude Include="Core\Objects\CoreTypes\Material.h">
      <Filter>Headers\Rendering</Filter>
    </ClInclude>
    <ClInclude Include="Core\Objects\CoreTypes\Shader.h">
      <Filter>Headers\Rendering</Filter>
    </ClInclude>
    <ClInclude Include="Core\Objects\CoreTypes\StaticMesh.h">
      <Filter>Headers\Entities</Filter>
    </ClInclude>
    <ClInclude Include="Core\Objects\CoreTypes\Texture2D.h">
      <Filter>Headers\Rendering</Filter>
    </ClInclude>
    <ClInclude Include="Core\Objects\EngineObject.h" />
    <ClInclude Include="Core\Rendering\RenderViewport.h">
      <Filter>Headers\Rendering</Filter>
    </ClInclude>
    <ClInclude Include="Core\Rendering\PostProcessing\BloomPostProcessing.h">
      <Filter>Headers\Rendering\PostProcessingLayer</Filter>
    </ClInclude>
    <ClInclude Include="Core\Rendering\PostProcessing\MotionBlurPostProcessing.h">
      <Filter>Headers\Rendering\PostProcessingLayer</Filter>
    </ClInclude>
    <ClInclude Include="Core\Rendering\PostProcessing\PostProcessingLayer.h">
      <Filter>Headers\Rendering\PostProcessingLayer</Filter>
    </ClInclude>
    <ClInclude Include="Core\Rendering\PostProcessing\SSAOPostProcessing.h">
      <Filter>Headers\Rendering\PostProcessingLayer</Filter>
    </ClInclude>
    <ClInclude Include="Core\Rendering\PostProcessing\ToneMapper.h">
      <Filter>Headers\Rendering\PostProcessingLayer</Filter>
    </ClInclude>
    <ClInclude Include="Core\Rendering\Utilities\Downsampler.h">
      <Filter>Headers\Rendering\PostProcessingLayer</Filter>
    </ClInclude>
    <ClInclude Include="Core\Rendering\Utilities\VariableGausianBlur.h">
      <Filter>Headers\Rendering</Filter>
    </ClInclude>
    <ClInclude Include="Core\Rendering\DefferedCompositor.h">
      <Filter>Headers\Rendering</Filter>
    </ClInclude>
    <ClInclude Include="Core\Rendering\GBuffer.h">
      <Filter>Headers\Rendering</Filter>
    </ClInclude>
    <ClInclude Include="Core\Rendering\RenderTypeDefenitions.h" />
    <ClInclude Include="Core\Engine\EngineStatics.h">
      <Filter>Headers\Engine</Filter>
    </ClInclude>
    <ClInclude Include="Core\Objects\CoreTypes\Scene.h">
      <Filter>Headers\Entities</Filter>
    </ClInclude>
    <ClInclude Include="Core\Engine\World.h">
      <Filter>Headers\Engine</Filter>
    </ClInclude>
    <ClInclude Include="Core\Objects\CoreTypes\RenderTarget.h">
      <Filter>Headers\Rendering</Filter>
    </ClInclude>
    <ClInclude Include="Core\Objects\Entities\Actors\Grid.h">
      <Filter>Headers\Entities</Filter>
    </ClInclude>
    <ClInclude Include="Core\Objects\Entities\Actors\HeadActor.h" />
    <ClInclude Include="Core\Objects\Entities\Actors\StaticMeshActor.h" />
    <ClInclude Include="Core\Objects\Entities\Actors\TransformGizmo.h" />
    <ClInclude Include="Core\Objects\Entities\Components\StaticMeshComponent.h" />
    <ClInclude Include="Core\Objects\Entities\Actor.h">
      <Filter>Headers\Entities</Filter>
    </ClInclude>
    <ClInclude Include="Core\Objects\Entities\Camera.h">
      <Filter>Headers\Entities</Filter>
    </ClInclude>
    <ClInclude Include="Core\Objects\Entities\Component.h" />
    <ClInclude Include="Core\Objects\Entities\Entity.h">
      <Filter>Headers\Entities</Filter>
    </ClInclude>
    <ClInclude Include="Core\Objects\Entities\Light.h">
      <Filter>Headers\Entities</Filter>
    </ClInclude>
    <ClInclude Include="Core\Utilities\Logger.h" />
    <ClInclude Include="Core\Utilities\Math\Transform.h">
      <Filter>Headers\Utilities</Filter>
    </ClInclude>
    <ClInclude Include="Core\Utilities\EngineFunctionLibrary.h" />
    <ClInclude Include="Core\Utilities\stbi.h">
      <Filter>Headers\Utilities</Filter>
    </ClInclude>
    <ClInclude Include="Core\Pictorum\Widgets\ImageWidget.h" />
    <ClInclude Include="Core\Engine\Delegates\EventDelegate.h" />
    <ClInclude Include="Core\Engine\Delegates\Event.h" />
    <ClInclude Include="Core\Engine\Window.h">
      <Filter>Headers\Engine</Filter>
    </ClInclude>
    <ClInclude Include="Core\Engine\Windows\EditorWindow.h" />
    <ClInclude Include="Core\Engine\Windows\MainEditorWindow.h" />
    <ClInclude Include="Core\Engine\WindowDataTypes.h" />
    <ClInclude Include="Core\Pictorum\Widgets\OverlayWidget.h" />
    <ClInclude Include="Core\Rendering\OpenGL\GPUVertexBufferArray.h" />
    <ClInclude Include="Core\Rendering\OpenGL\GPUVertexBuffer.h" />
    <ClInclude Include="resource.h" />
    <ClInclude Include="Core\Pictorum\Widgets\SeparatorWidget.h" />
    <ClInclude Include="Core\Objects\CoreTypes\DistanceFieldFont.h" />
    <ClInclude Include="Core\Assets\Factories\FontAssetFactory.h" />
    <ClInclude Include="Core\Pictorum\Containers\PictorumGrid.h" />
    <ClInclude Include="Core\Pictorum\Containers\PictorumCanvas.h" />
    <ClInclude Include="Core\Pictorum\Containers\PictorumScrollBox.h" />
    <ClInclude Include="Core\Pictorum\Containers\PictorumHorizontalBox.h" />
    <ClInclude Include="Core\Pictorum\Containers\PictorumVerticalBox.h" />
    <ClInclude Include="Core\Pictorum\Slots\ConstraintBoxSlot.h" />
    <ClInclude Include="Core\Pictorum\Slots\HorizontalBoxSlot.h" />
    <ClInclude Include="Core\Pictorum\Slots\PictorumCanvasSlot.h" />
    <ClInclude Include="Core\Pictorum\Slots\PictorumGridSlot.h" />
    <ClInclude Include="Core\Pictorum\Slots\VerticalBoxSlot.h" />
    <ClInclude Include="Core\Pictorum\IWidgetSlot.h" />
    <ClInclude Include="Core\Pictorum\Utilities\TextRenderer.h" />
    <ClInclude Include="Core\Pictorum\Utilities\PictorumShapeDrawer.h" />
    <ClInclude Include="Core\Pictorum\PictorumDataTypes.h" />
    <ClInclude Include="Core\Objects\Entities\Components\BillboardComponent.h" />
    <ClInclude Include="Core\Pictorum\Containers\PictorumConstraintBox.h" />
    <ClInclude Include="Core\Reflection\Reflection.h" />
    <ClInclude Include="Test\ReflectionTest.h" />
    <ClInclude Include="Core\Pictorum\Widgets\EditableTextWidget.h" />
    <ClInclude Include="Core\Pictorum\Widgets\CheckboxWidget.h" />
    <ClInclude Include="Editor\EditorModule.h" />
    <ClInclude Include="Core\Objects\IEngineModule.h" />
    <ClInclude Include="Editor\UserInterface\Inspector\EntityInspectorWidget.h" />
    <ClInclude Include="Editor\UserInterface\MainEditorViewport\MainViewportUserInterface.h" />
    <ClInclude Include="Editor\UserInterface\WorldOutliner\WorldOutlinerEntry.h" />
    <ClInclude Include="Editor\UserInterface\WorldOutliner\WorldOutlinerWidget.h" />
    <ClInclude Include="Editor\UserInterface\EngineUIStyle.h" />
    <ClInclude Include="Editor\UserInterface\EngineWindowUserInterface.h" />
    <ClInclude Include="Editor\UserInterface\FrameStatisticsWidget.h" />
    <ClInclude Include="Editor\UserInterface\TitleBar.h" />
    <ClInclude Include="Editor\Subsystems\EntityInspector\InspectorPanelBuilder.h" />
    <ClInclude Include="Editor\Subsystems\EntityInspector\InspectorPanelGenerator.h" />
    <ClInclude Include="Editor\Subsystems\EntityInspector\InspectorPanelManager.h" />
    <ClInclude Include="Editor\UserInterface\Inspector\TypeInspectors\VectorInspectorWidget.h" />
    <ClInclude Include="Editor\UserInterface\Inspector\TypeInspectors\FloatInspectorWidget.h" />
    <ClInclude Include="Editor\UserInterface\Inspector\BaseInspectorWidget.h" />
    <ClInclude Include="Editor\Subsystems\EntityInspector\Generators\DefaultInspectorPanelGenerator.h" />
    <ClInclude Include="Editor\UserInterface\CollapsingCategoryWidget.h" />
    <ClInclude Include="Editor\Subsystems\EntityInspector\Generators\ActorInspectorPanelGenerator.h" />
    <ClInclude Include="Core\DataStructures\HashMap.h" />
    <ClInclude Include="Core\Pictorum\Utilities\TextFormatters\DecimalInputTextFormatter.h" />
    <ClInclude Include="Core\Pictorum\Utilities\TextFormatters\ITextInputFormatter.h" />
    <ClInclude Include="Core\Pictorum\Utilities\TextFormatters\IntegerInputTextFormatter.h" />
    <ClInclude Include="Core\Reflection\Handles\ReflectionHandle.h" />
    <ClInclude Include="Core\Reflection\Handles\PropertyHandle.h" />
    <ClInclude Include="Core\Reflection\Types\ReflectableTypes.h" />
    <ClInclude Include="Core\Reflection\Types\ComplexReflectableTypes.h" />
    <ClInclude Include="Core\Reflection\Runtime\TypeResolver.h" />
    <ClInclude Include="Core\Reflection\Utilities\ReflectionHelpers.h" />
    <ClInclude Include="Core\Reflection\Utilities\ReflectionDataTypes.h" />
    <ClInclude Include="Core\Reflection\Utilities\TypeDescriptor.h" />
    <ClInclude Include="Editor\MultiLineTestWidget.h" />
    <ClInclude Include="Core\Pictorum\Utilities\TextLine.h" />
    <ClInclude Include="Core\Pictorum\Utilities\TextGeometryCache.h" />
    <ClInclude Include="Core\Pictorum\Utilities\TextWord.h" />
  </ItemGroup>
  <ItemGroup>
    <None Include="Res\Shaders\UI\UIImageShader.frag" />
    <None Include="Res\Shaders\UI\UIImageShader.vert" />
    <None Include="Res\Shaders\UI\UISolidShader.frag" />
    <None Include="Res\Shaders\UI\UISolidShader.vert" />
    <None Include="cpp.hint" />
  </ItemGroup>
  <ItemGroup>
    <ResourceCompile Include="SDEngine.rc" />
  </ItemGroup>
  <ItemGroup>
    <Image Include="..\..\Assets\MainLogo.png" />
    <Image Include="..\..\Assets\MainIcon.ico" />
  </ItemGroup>
</Project>