<?xml version="1.0" encoding="utf-8"?>
<Project ToolsVersion="4.0" xmlns="http://schemas.microsoft.com/developer/msbuild/2003">
  <ItemGroup>
    <Filter Include="Source Files">
      <UniqueIdentifier>{4FC737F1-C7A5-4376-A066-2A32D752A2FF}</UniqueIdentifier>
      <Extensions>cpp;c;cc;cxx;def;odl;idl;hpj;bat;asm;asmx</Extensions>
    </Filter>
    <Filter Include="Headers">
      <UniqueIdentifier>{ca49810e-d583-4551-8709-1898e938dfb0}</UniqueIdentifier>
    </Filter>
    <Filter Include="Shaders">
      <UniqueIdentifier>{13a7b081-ef44-4d30-b7b2-3e2df88b24ba}</UniqueIdentifier>
    </Filter>
    <Filter Include="Headers\Entities">
      <UniqueIdentifier>{03868701-fcb6-4426-9c76-ccad46b1e8db}</UniqueIdentifier>
    </Filter>
    <Filter Include="Source Files\Entities">
      <UniqueIdentifier>{21393857-7b27-46cb-8a3a-603322db22ef}</UniqueIdentifier>
    </Filter>
    <Filter Include="Source Files\Rendering">
      <UniqueIdentifier>{5a6e0009-c4ee-441b-bafd-8b81a5874f25}</UniqueIdentifier>
    </Filter>
    <Filter Include="Headers\Rendering">
      <UniqueIdentifier>{19560051-d993-4bb1-a6ef-66fe470b7316}</UniqueIdentifier>
    </Filter>
    <Filter Include="Headers\Utilities">
      <UniqueIdentifier>{cf11a89e-ec53-4293-af9b-dc358dcfeb89}</UniqueIdentifier>
    </Filter>
    <Filter Include="Source Files\Utilities">
      <UniqueIdentifier>{67ed7848-4d26-4587-b72d-6aa74e3e0cd8}</UniqueIdentifier>
    </Filter>
    <Filter Include="Shaders\PostProcessing">
      <UniqueIdentifier>{f0c1df1f-c8c2-4002-b377-08c606f826cc}</UniqueIdentifier>
    </Filter>
    <Filter Include="Shaders\IndividualShaders">
      <UniqueIdentifier>{7e03f0c8-f91f-401e-acc4-7610dc922084}</UniqueIdentifier>
    </Filter>
  </ItemGroup>
  <ItemGroup>
    <ClCompile Include="Display.cpp">
      <Filter>Source Files</Filter>
    </ClCompile>
    <ClCompile Include="Texture2D.cpp">
      <Filter>Source Files</Filter>
    </ClCompile>
    <ClCompile Include="World.cpp">
      <Filter>Source Files</Filter>
    </ClCompile>
    <ClCompile Include="Material.cpp">
      <Filter>Source Files</Filter>
    </ClCompile>
    <ClCompile Include="Camera.cpp">
      <Filter>Source Files\Entities</Filter>
    </ClCompile>
    <ClCompile Include="Entity.cpp">
      <Filter>Source Files\Entities</Filter>
    </ClCompile>
    <ClCompile Include="Light.cpp">
      <Filter>Source Files\Entities</Filter>
    </ClCompile>
    <ClCompile Include="StaticMesh.cpp">
      <Filter>Source Files\Entities</Filter>
    </ClCompile>
    <ClCompile Include="DefferedCompositor.cpp">
      <Filter>Source Files\Rendering</Filter>
    </ClCompile>
    <ClCompile Include="GBuffer.cpp">
      <Filter>Source Files\Rendering</Filter>
    </ClCompile>
    <ClCompile Include="RenderingEngine.cpp">
      <Filter>Source Files\Rendering</Filter>
    </ClCompile>
    <ClCompile Include="ImageUtils.cpp">
      <Filter>Source Files\Utilities</Filter>
    </ClCompile>
    <ClCompile Include="ObjLoader.cpp">
      <Filter>Source Files\Utilities</Filter>
    </ClCompile>
    <ClCompile Include="Grid.cpp">
      <Filter>Source Files\Entities</Filter>
    </ClCompile>
    <ClCompile Include="Shader.cpp">
      <Filter>Source Files\Rendering</Filter>
    </ClCompile>
    <ClCompile Include="Transform.cpp">
      <Filter>Source Files\Utilities</Filter>
    </ClCompile>
    <ClCompile Include="Main.cpp">
      <Filter>Source Files</Filter>
    </ClCompile>
    <ClCompile Include="Engine.cpp">
      <Filter>Source Files</Filter>
    </ClCompile>
    <ClCompile Include="SLogger.c">
      <Filter>Source Files</Filter>
    </ClCompile>
    <ClCompile Include="Actor.cpp">
      <Filter>Source Files\Entities</Filter>
    </ClCompile>
    <ClCompile Include="EyeActor.cpp">
      <Filter>Source Files\Entities</Filter>
    </ClCompile>
  </ItemGroup>
  <ItemGroup>
    <ClInclude Include="Display.h">
      <Filter>Headers</Filter>
    </ClInclude>
    <ClInclude Include="Texture2D.h">
      <Filter>Headers</Filter>
    </ClInclude>
    <ClInclude Include="World.h">
      <Filter>Headers</Filter>
    </ClInclude>
    <ClInclude Include="Material.h">
      <Filter>Headers</Filter>
    </ClInclude>
    <ClInclude Include="Camera.h">
      <Filter>Headers\Entities</Filter>
    </ClInclude>
    <ClInclude Include="Entity.h">
      <Filter>Headers\Entities</Filter>
    </ClInclude>
    <ClInclude Include="Light.h">
      <Filter>Headers\Entities</Filter>
    </ClInclude>
    <ClInclude Include="StaticMesh.h">
      <Filter>Headers\Entities</Filter>
    </ClInclude>
    <ClInclude Include="DefferedCompositor.h">
      <Filter>Headers\Rendering</Filter>
    </ClInclude>
    <ClInclude Include="GBuffer.h">
      <Filter>Headers\Rendering</Filter>
    </ClInclude>
    <ClInclude Include="RenderingEngine.h">
      <Filter>Headers\Rendering</Filter>
    </ClInclude>
    <ClInclude Include="ImageUtils.h">
      <Filter>Headers\Utilities</Filter>
    </ClInclude>
    <ClInclude Include="ObjLoader.h">
      <Filter>Headers\Utilities</Filter>
    </ClInclude>
    <ClInclude Include="Shader.h">
      <Filter>Headers\Rendering</Filter>
    </ClInclude>
    <ClInclude Include="Grid.h">
      <Filter>Headers\Entities</Filter>
    </ClInclude>
    <ClInclude Include="Transform.h">
      <Filter>Headers\Utilities</Filter>
    </ClInclude>
    <ClInclude Include="Engine.h">
      <Filter>Headers</Filter>
    </ClInclude>
    <ClInclude Include="SLogger.h">
      <Filter>Headers</Filter>
    </ClInclude>
    <ClInclude Include="Actor.h">
      <Filter>Headers\Entities</Filter>
    </ClInclude>
    <ClInclude Include="EyeActor.h">
      <Filter>Headers\Entities</Filter>
    </ClInclude>
  </ItemGroup>
  <ItemGroup>
    <None Include="Res\Shaders\DefferedLighting.vert">
      <Filter>Shaders</Filter>
    </None>
    <None Include="Res\Shaders\DefferedLighting.frag">
      <Filter>Shaders</Filter>
    </None>
    <None Include="Res\Shaders\PostProcessing\Output.frag">
      <Filter>Shaders\PostProcessing</Filter>
    </None>
    <None Include="Res\Shaders\PostProcessing\Output.vert">
      <Filter>Shaders\PostProcessing</Filter>
    </None>
    <None Include="Res\Shaders\PostProcessing\ToneMapping.frag">
      <Filter>Shaders\PostProcessing</Filter>
    </None>
    <None Include="Res\Shaders\PostProcessing\ToneMapping.vert">
      <Filter>Shaders\PostProcessing</Filter>
    </None>
    <None Include="Res\Shaders\DefaultGeometryPassShader.frag">
      <Filter>Shaders</Filter>
    </None>
    <None Include="Res\Shaders\DefaultGeometryPassShader.vert">
      <Filter>Shaders</Filter>
    </None>
    <None Include="Res\Shaders\LightDebugShader.frag">
      <Filter>Shaders\IndividualShaders</Filter>
    </None>
    <None Include="Res\Shaders\LightDebugShader.vert">
      <Filter>Shaders\IndividualShaders</Filter>
    </None>
    <None Include="Res\Shaders\PostProcessing\BloomX.vert">
      <Filter>Shaders\PostProcessing</Filter>
    </None>
    <None Include="Res\Shaders\PostProcessing\BloomY.frag">
      <Filter>Shaders\PostProcessing</Filter>
    </None>
    <None Include="Res\Shaders\PostProcessing\BloomY.vert">
      <Filter>Shaders\PostProcessing</Filter>
    </None>
    <None Include="Res\Shaders\PostProcessing\BloomX.frag">
      <Filter>Shaders\PostProcessing</Filter>
    </None>
    <None Include="Res\Shaders\TranslucentShader.vert">
      <Filter>Shaders\IndividualShaders</Filter>
    </None>
    <None Include="Res\Shaders\TranslucentShader.frag">
      <Filter>Shaders\IndividualShaders</Filter>
    </None>
    <None Include="Res\Shaders\TestEyeShader.vert">
      <Filter>Shaders\IndividualShaders</Filter>
    </None>
    <None Include="Res\Shaders\TestEyeShader.frag">
      <Filter>Shaders\IndividualShaders</Filter>
    </None>
    <None Include="Res\Shaders\GridShader.vert">
      <Filter>Shaders\IndividualShaders</Filter>
    </None>
    <None Include="Res\Shaders\GridShader.frag">
      <Filter>Shaders\IndividualShaders</Filter>
    </None>
    <None Include="Res\Shaders\TranslucencyCompositor.frag">
      <Filter>Shaders\PostProcessing</Filter>
    </None>
    <None Include="Res\Shaders\TranslucencyCompositor.vert">
      <Filter>Shaders\PostProcessing</Filter>
    </None>
    <None Include="Res\Shaders\SkySphereShader.frag">
      <Filter>Shaders\IndividualShaders</Filter>
    </None>
    <None Include="Res\Shaders\SkySphereShader.vert">
      <Filter>Shaders\IndividualShaders</Filter>
    </None>
  </ItemGroup>
</Project>